
Microsoft Visual Studio Solution File, Format Version 12.00
# Visual Studio Version 17
VisualStudioVersion = 17.0.31903.59
MinimumVisualStudioVersion = 10.0.40219.1
Project("{FAE04EC0-301F-11D3-BF4B-00C04F79EFBC}") = "TodoApp.API", "TodoApp.API\TodoApp.API.csproj", "{FA00975B-C4A8-412A-9769-337583C8C8AB}"
EndProject
Project("{FAE04EC0-301F-11D3-BF4B-00C04F79EFBC}") = "TodoApp.Core", "TodoApp.Core\TodoApp.Core.csproj", "{4ADDA241-A505-4333-B6CA-1FCCB15C4053}"
EndProject
Project("{FAE04EC0-301F-11D3-BF4B-00C04F79EFBC}") = "TodoApp.Infrastructure", "TodoApp.Infrastructure\TodoApp.Infrastructure.csproj", "{4AB26A36-4AE2-4DD0-8D67-4558CBA2FA54}"
EndProject
Project("{FAE04EC0-301F-11D3-BF4B-00C04F79EFBC}") = "TodoApp.Tests", "TodoApp.Tests\TodoApp.Tests.csproj", "{D366BACE-04CB-48B8-B7D3-2EC34E14E3EE}"
EndProject
Global
	GlobalSection(SolutionConfigurationPlatforms) = preSolution
		Debug|Any CPU = Debug|Any CPU
		Release|Any CPU = Release|Any CPU
	EndGlobalSection
	GlobalSection(SolutionProperties) = preSolution
		HideSolutionNode = FALSE
	EndGlobalSection
	GlobalSection(ProjectConfigurationPlatforms) = postSolution
		{FA00975B-C4A8-412A-9769-337583C8C8AB}.Debug|Any CPU.ActiveCfg = Debug|Any CPU
		{FA00975B-C4A8-412A-9769-337583C8C8AB}.Debug|Any CPU.Build.0 = Debug|Any CPU
		{FA00975B-C4A8-412A-9769-337583C8C8AB}.Release|Any CPU.ActiveCfg = Release|Any CPU
		{FA00975B-C4A8-412A-9769-337583C8C8AB}.Release|Any CPU.Build.0 = Release|Any CPU
		{4ADDA241-A505-4333-B6CA-1FCCB15C4053}.Debug|Any CPU.ActiveCfg = Debug|Any CPU
		{4ADDA241-A505-4333-B6CA-1FCCB15C4053}.Debug|Any CPU.Build.0 = Debug|Any CPU
		{4ADDA241-A505-4333-B6CA-1FCCB15C4053}.Release|Any CPU.ActiveCfg = Release|Any CPU
		{4ADDA241-A505-4333-B6CA-1FCCB15C4053}.Release|Any CPU.Build.0 = Release|Any CPU
		{4AB26A36-4AE2-4DD0-8D67-4558CBA2FA54}.Debug|Any CPU.ActiveCfg = Debug|Any CPU
		{4AB26A36-4AE2-4DD0-8D67-4558CBA2FA54}.Debug|Any CPU.Build.0 = Debug|Any CPU
		{4AB26A36-4AE2-4DD0-8D67-4558CBA2FA54}.Release|Any CPU.ActiveCfg = Release|Any CPU
		{4AB26A36-4AE2-4DD0-8D67-4558CBA2FA54}.Release|Any CPU.Build.0 = Release|Any CPU
		{D366BACE-04CB-48B8-B7D3-2EC34E14E3EE}.Debug|Any CPU.ActiveCfg = Debug|Any CPU
		{D366BACE-04CB-48B8-B7D3-2EC34E14E3EE}.Debug|Any CPU.Build.0 = Debug|Any CPU
		{D366BACE-04CB-48B8-B7D3-2EC34E14E3EE}.Release|Any CPU.ActiveCfg = Release|Any CPU
		{D366BACE-04CB-48B8-B7D3-2EC34E14E3EE}.Release|Any CPU.Build.0 = Release|Any CPU
	EndGlobalSection
EndGlobal
